
Microsoft Visual Studio Solution File, Format Version 12.00
# Visual Studio Version 17
VisualStudioVersion = 17.6.33801.468
MinimumVisualStudioVersion = 10.0.40219.1
Project("{FAE04EC0-301F-11D3-BF4B-00C04F79EFBC}") = "HumansAndLife_project", "HumansAndLife_project\HumansAndLife_project.csproj", "{EA347948-AC4C-49BA-81EE-5EAE0FB27508}"
EndProject
Global
	GlobalSection(SolutionConfigurationPlatforms) = preSolution
		Debug|Any CPU = Debug|Any CPU
		Release|Any CPU = Release|Any CPU
	EndGlobalSection
	GlobalSection(ProjectConfigurationPlatforms) = postSolution
		{EA347948-AC4C-49BA-81EE-5EAE0FB27508}.Debug|Any CPU.ActiveCfg = Debug|Any CPU
		{EA347948-AC4C-49BA-81EE-5EAE0FB27508}.Debug|Any CPU.Build.0 = Debug|Any CPU
		{EA347948-AC4C-49BA-81EE-5EAE0FB27508}.Release|Any CPU.ActiveCfg = Release|Any CPU
		{EA347948-AC4C-49BA-81EE-5EAE0FB27508}.Release|Any CPU.Build.0 = Release|Any CPU
	EndGlobalSection
	GlobalSection(SolutionProperties) = preSolution
		HideSolutionNode = FALSE
	EndGlobalSection
	GlobalSection(ExtensibilityGlobals) = postSolution
		SolutionGuid = {1362D9D4-698D-4EC0-BF00-42851F7B9377}
	EndGlobalSection
EndGlobal
